
Microsoft Visual Studio Solution File, Format Version 9.00
# Visual Studio 2005
Project("{8BC9CEB8-8B4A-11D0-8D11-00A0C91BC942}") = "parity.options", "parity.options\parity.options.vcproj", "{47113F7B-E0B6-4522-943A-FA1AC30CD860}"
	ProjectSection(ProjectDependencies) = postProject
		{9FA921B4-3A01-46D0-9E14-1A8A10EB3639} = {9FA921B4-3A01-46D0-9E14-1A8A10EB3639}
		{28A9C092-E0E8-4E5E-A5BA-237BDB2BB159} = {28A9C092-E0E8-4E5E-A5BA-237BDB2BB159}
	EndProjectSection
EndProject
Project("{8BC9CEB8-8B4A-11D0-8D11-00A0C91BC942}") = "parity.binary", "parity.binary\parity.binary.vcproj", "{9FA921B4-3A01-46D0-9E14-1A8A10EB3639}"
	ProjectSection(ProjectDependencies) = postProject
		{28A9C092-E0E8-4E5E-A5BA-237BDB2BB159} = {28A9C092-E0E8-4E5E-A5BA-237BDB2BB159}
	EndProjectSection
EndProject
Project("{8BC9CEB8-8B4A-11D0-8D11-00A0C91BC942}") = "parity.utils", "parity.utils\parity.utils.vcproj", "{28A9C092-E0E8-4E5E-A5BA-237BDB2BB159}"
EndProject
Project("{8BC9CEB8-8B4A-11D0-8D11-00A0C91BC942}") = "parity.test", "parity.test\parity.test.vcproj", "{C52B968C-33C8-4492-B983-E451B0AD46CB}"
	ProjectSection(ProjectDependencies) = postProject
		{9FA921B4-3A01-46D0-9E14-1A8A10EB3639} = {9FA921B4-3A01-46D0-9E14-1A8A10EB3639}
		{28A9C092-E0E8-4E5E-A5BA-237BDB2BB159} = {28A9C092-E0E8-4E5E-A5BA-237BDB2BB159}
		{47113F7B-E0B6-4522-943A-FA1AC30CD860} = {47113F7B-E0B6-4522-943A-FA1AC30CD860}
	EndProjectSection
EndProject
Project("{8BC9CEB8-8B4A-11D0-8D11-00A0C91BC942}") = "parity.configurator", "parity.configurator\parity.configurator.vcproj", "{273F03CF-CA4C-42C7-AFE2-2A459E750F0C}"
	ProjectSection(ProjectDependencies) = postProject
		{9FA921B4-3A01-46D0-9E14-1A8A10EB3639} = {9FA921B4-3A01-46D0-9E14-1A8A10EB3639}
		{28A9C092-E0E8-4E5E-A5BA-237BDB2BB159} = {28A9C092-E0E8-4E5E-A5BA-237BDB2BB159}
	EndProjectSection
EndProject
Project("{8BC9CEB8-8B4A-11D0-8D11-00A0C91BC942}") = "parity.tasks", "parity.tasks\parity.tasks.vcproj", "{BC08C13E-84C0-4158-9482-EA26D19BB7D6}"
	ProjectSection(ProjectDependencies) = postProject
		{9FA921B4-3A01-46D0-9E14-1A8A10EB3639} = {9FA921B4-3A01-46D0-9E14-1A8A10EB3639}
		{28A9C092-E0E8-4E5E-A5BA-237BDB2BB159} = {28A9C092-E0E8-4E5E-A5BA-237BDB2BB159}
		{47113F7B-E0B6-4522-943A-FA1AC30CD860} = {47113F7B-E0B6-4522-943A-FA1AC30CD860}
	EndProjectSection
EndProject
Project("{8BC9CEB8-8B4A-11D0-8D11-00A0C91BC942}") = "parity.ms.cl", "parity.ms.cl\parity.ms.cl.vcproj", "{48EDFDB5-5D76-41EA-B175-2E0EB98E003C}"
	ProjectSection(ProjectDependencies) = postProject
		{28A9C092-E0E8-4E5E-A5BA-237BDB2BB159} = {28A9C092-E0E8-4E5E-A5BA-237BDB2BB159}
		{47113F7B-E0B6-4522-943A-FA1AC30CD860} = {47113F7B-E0B6-4522-943A-FA1AC30CD860}
		{BC08C13E-84C0-4158-9482-EA26D19BB7D6} = {BC08C13E-84C0-4158-9482-EA26D19BB7D6}
	EndProjectSection
EndProject
Project("{8BC9CEB8-8B4A-11D0-8D11-00A0C91BC942}") = "parity.ms.link", "parity.ms.link\parity.ms.link.vcproj", "{F717FB01-4598-440D-A953-8FCAADD5DC9B}"
	ProjectSection(ProjectDependencies) = postProject
		{28A9C092-E0E8-4E5E-A5BA-237BDB2BB159} = {28A9C092-E0E8-4E5E-A5BA-237BDB2BB159}
		{47113F7B-E0B6-4522-943A-FA1AC30CD860} = {47113F7B-E0B6-4522-943A-FA1AC30CD860}
		{BC08C13E-84C0-4158-9482-EA26D19BB7D6} = {BC08C13E-84C0-4158-9482-EA26D19BB7D6}
	EndProjectSection
EndProject
Project("{8BC9CEB8-8B4A-11D0-8D11-00A0C91BC942}") = "parity.gnu.gcc", "parity.gnu.gcc\parity.gnu.gcc.vcproj", "{3AA09E52-EA50-47A8-8064-2894C47143FA}"
	ProjectSection(ProjectDependencies) = postProject
		{28A9C092-E0E8-4E5E-A5BA-237BDB2BB159} = {28A9C092-E0E8-4E5E-A5BA-237BDB2BB159}
		{47113F7B-E0B6-4522-943A-FA1AC30CD860} = {47113F7B-E0B6-4522-943A-FA1AC30CD860}
		{BC08C13E-84C0-4158-9482-EA26D19BB7D6} = {BC08C13E-84C0-4158-9482-EA26D19BB7D6}
	EndProjectSection
EndProject
Project("{8BC9CEB8-8B4A-11D0-8D11-00A0C91BC942}") = "parity.gnu.ld", "parity.gnu.ld\parity.gnu.ld.vcproj", "{C918CBBE-B7AA-4792-9C90-96AA6CFCB079}"
	ProjectSection(ProjectDependencies) = postProject
		{28A9C092-E0E8-4E5E-A5BA-237BDB2BB159} = {28A9C092-E0E8-4E5E-A5BA-237BDB2BB159}
		{47113F7B-E0B6-4522-943A-FA1AC30CD860} = {47113F7B-E0B6-4522-943A-FA1AC30CD860}
		{BC08C13E-84C0-4158-9482-EA26D19BB7D6} = {BC08C13E-84C0-4158-9482-EA26D19BB7D6}
	EndProjectSection
EndProject
Project("{8BC9CEB8-8B4A-11D0-8D11-00A0C91BC942}") = "parity.loader", "parity.loader\parity.loader.vcproj", "{6A83A392-CC1A-43BB-B453-31416D0A1215}"
EndProject
Project("{8BC9CEB8-8B4A-11D0-8D11-00A0C91BC942}") = "parity.runtime", "parity.runtime\parity.runtime.vcproj", "{3D03E8FC-8899-4F31-BDFD-FCF51661F7D2}"
	ProjectSection(ProjectDependencies) = postProject
		{6A83A392-CC1A-43BB-B453-31416D0A1215} = {6A83A392-CC1A-43BB-B453-31416D0A1215}
	EndProjectSection
EndProject
Project("{8BC9CEB8-8B4A-11D0-8D11-00A0C91BC942}") = "parity.inspector", "parity.inspector\parity.inspector.vcproj", "{AF5B4642-A02D-4D38-BEE6-CCEC55A0ED87}"
	ProjectSection(ProjectDependencies) = postProject
		{9FA921B4-3A01-46D0-9E14-1A8A10EB3639} = {9FA921B4-3A01-46D0-9E14-1A8A10EB3639}
		{28A9C092-E0E8-4E5E-A5BA-237BDB2BB159} = {28A9C092-E0E8-4E5E-A5BA-237BDB2BB159}
		{47113F7B-E0B6-4522-943A-FA1AC30CD860} = {47113F7B-E0B6-4522-943A-FA1AC30CD860}
	EndProjectSection
EndProject
Project("{8BC9CEB8-8B4A-11D0-8D11-00A0C91BC942}") = "parity.statistics", "parity.statistics\parity.statistics.vcproj", "{B33A342D-43F0-4DE0-973B-C45B3E6803EC}"
	ProjectSection(ProjectDependencies) = postProject
		{28A9C092-E0E8-4E5E-A5BA-237BDB2BB159} = {28A9C092-E0E8-4E5E-A5BA-237BDB2BB159}
	EndProjectSection
EndProject
Project("{2150E333-8FDC-42A3-9474-1A3956D46DE8}") = "Solution Items", "Solution Items", "{244C46AE-9C21-4DA8-A4FD-DD768B63FC76}"
	ProjectSection(SolutionItems) = preProject
		ReleaseNotes.txt = ReleaseNotes.txt
	EndProjectSection
EndProject
Project("{8BC9CEB8-8B4A-11D0-8D11-00A0C91BC942}") = "parity.graphical.configurator", "parity.graphical.configurator\parity.graphical.configurator.vcproj", "{86945419-B17E-4C64-BBD7-7797D5C671DB}"
	ProjectSection(ProjectDependencies) = postProject
		{28A9C092-E0E8-4E5E-A5BA-237BDB2BB159} = {28A9C092-E0E8-4E5E-A5BA-237BDB2BB159}
	EndProjectSection
EndProject
Global
	GlobalSection(SolutionConfigurationPlatforms) = preSolution
		Debug|Win32 = Debug|Win32
		Release|Win32 = Release|Win32
	EndGlobalSection
	GlobalSection(ProjectConfigurationPlatforms) = postSolution
		{47113F7B-E0B6-4522-943A-FA1AC30CD860}.Debug|Win32.ActiveCfg = Debug|Win32
		{47113F7B-E0B6-4522-943A-FA1AC30CD860}.Debug|Win32.Build.0 = Debug|Win32
		{47113F7B-E0B6-4522-943A-FA1AC30CD860}.Release|Win32.ActiveCfg = Release|Win32
		{47113F7B-E0B6-4522-943A-FA1AC30CD860}.Release|Win32.Build.0 = Release|Win32
		{9FA921B4-3A01-46D0-9E14-1A8A10EB3639}.Debug|Win32.ActiveCfg = Debug|Win32
		{9FA921B4-3A01-46D0-9E14-1A8A10EB3639}.Debug|Win32.Build.0 = Debug|Win32
		{9FA921B4-3A01-46D0-9E14-1A8A10EB3639}.Release|Win32.ActiveCfg = Release|Win32
		{9FA921B4-3A01-46D0-9E14-1A8A10EB3639}.Release|Win32.Build.0 = Release|Win32
		{28A9C092-E0E8-4E5E-A5BA-237BDB2BB159}.Debug|Win32.ActiveCfg = Debug|Win32
		{28A9C092-E0E8-4E5E-A5BA-237BDB2BB159}.Debug|Win32.Build.0 = Debug|Win32
		{28A9C092-E0E8-4E5E-A5BA-237BDB2BB159}.Release|Win32.ActiveCfg = Release|Win32
		{28A9C092-E0E8-4E5E-A5BA-237BDB2BB159}.Release|Win32.Build.0 = Release|Win32
		{C52B968C-33C8-4492-B983-E451B0AD46CB}.Debug|Win32.ActiveCfg = Debug|Win32
		{C52B968C-33C8-4492-B983-E451B0AD46CB}.Debug|Win32.Build.0 = Debug|Win32
		{C52B968C-33C8-4492-B983-E451B0AD46CB}.Release|Win32.ActiveCfg = Release|Win32
		{C52B968C-33C8-4492-B983-E451B0AD46CB}.Release|Win32.Build.0 = Release|Win32
		{273F03CF-CA4C-42C7-AFE2-2A459E750F0C}.Debug|Win32.ActiveCfg = Debug|Win32
		{273F03CF-CA4C-42C7-AFE2-2A459E750F0C}.Debug|Win32.Build.0 = Debug|Win32
		{273F03CF-CA4C-42C7-AFE2-2A459E750F0C}.Release|Win32.ActiveCfg = Release|Win32
		{273F03CF-CA4C-42C7-AFE2-2A459E750F0C}.Release|Win32.Build.0 = Release|Win32
		{BC08C13E-84C0-4158-9482-EA26D19BB7D6}.Debug|Win32.ActiveCfg = Debug|Win32
		{BC08C13E-84C0-4158-9482-EA26D19BB7D6}.Debug|Win32.Build.0 = Debug|Win32
		{BC08C13E-84C0-4158-9482-EA26D19BB7D6}.Release|Win32.ActiveCfg = Release|Win32
		{BC08C13E-84C0-4158-9482-EA26D19BB7D6}.Release|Win32.Build.0 = Release|Win32
		{48EDFDB5-5D76-41EA-B175-2E0EB98E003C}.Debug|Win32.ActiveCfg = Debug|Win32
		{48EDFDB5-5D76-41EA-B175-2E0EB98E003C}.Debug|Win32.Build.0 = Debug|Win32
		{48EDFDB5-5D76-41EA-B175-2E0EB98E003C}.Release|Win32.ActiveCfg = Release|Win32
		{48EDFDB5-5D76-41EA-B175-2E0EB98E003C}.Release|Win32.Build.0 = Release|Win32
		{F717FB01-4598-440D-A953-8FCAADD5DC9B}.Debug|Win32.ActiveCfg = Debug|Win32
		{F717FB01-4598-440D-A953-8FCAADD5DC9B}.Debug|Win32.Build.0 = Debug|Win32
		{F717FB01-4598-440D-A953-8FCAADD5DC9B}.Release|Win32.ActiveCfg = Release|Win32
		{F717FB01-4598-440D-A953-8FCAADD5DC9B}.Release|Win32.Build.0 = Release|Win32
		{3AA09E52-EA50-47A8-8064-2894C47143FA}.Debug|Win32.ActiveCfg = Debug|Win32
		{3AA09E52-EA50-47A8-8064-2894C47143FA}.Debug|Win32.Build.0 = Debug|Win32
		{3AA09E52-EA50-47A8-8064-2894C47143FA}.Release|Win32.ActiveCfg = Release|Win32
		{3AA09E52-EA50-47A8-8064-2894C47143FA}.Release|Win32.Build.0 = Release|Win32
		{C918CBBE-B7AA-4792-9C90-96AA6CFCB079}.Debug|Win32.ActiveCfg = Debug|Win32
		{C918CBBE-B7AA-4792-9C90-96AA6CFCB079}.Debug|Win32.Build.0 = Debug|Win32
		{C918CBBE-B7AA-4792-9C90-96AA6CFCB079}.Release|Win32.ActiveCfg = Release|Win32
		{C918CBBE-B7AA-4792-9C90-96AA6CFCB079}.Release|Win32.Build.0 = Release|Win32
		{6A83A392-CC1A-43BB-B453-31416D0A1215}.Debug|Win32.ActiveCfg = Debug|Win32
		{6A83A392-CC1A-43BB-B453-31416D0A1215}.Debug|Win32.Build.0 = Debug|Win32
		{6A83A392-CC1A-43BB-B453-31416D0A1215}.Release|Win32.ActiveCfg = Release|Win32
		{6A83A392-CC1A-43BB-B453-31416D0A1215}.Release|Win32.Build.0 = Release|Win32
		{3D03E8FC-8899-4F31-BDFD-FCF51661F7D2}.Debug|Win32.ActiveCfg = Debug|Win32
		{3D03E8FC-8899-4F31-BDFD-FCF51661F7D2}.Debug|Win32.Build.0 = Debug|Win32
		{3D03E8FC-8899-4F31-BDFD-FCF51661F7D2}.Release|Win32.ActiveCfg = Release|Win32
		{3D03E8FC-8899-4F31-BDFD-FCF51661F7D2}.Release|Win32.Build.0 = Release|Win32
		{AF5B4642-A02D-4D38-BEE6-CCEC55A0ED87}.Debug|Win32.ActiveCfg = Debug|Win32
		{AF5B4642-A02D-4D38-BEE6-CCEC55A0ED87}.Debug|Win32.Build.0 = Debug|Win32
		{AF5B4642-A02D-4D38-BEE6-CCEC55A0ED87}.Release|Win32.ActiveCfg = Release|Win32
		{AF5B4642-A02D-4D38-BEE6-CCEC55A0ED87}.Release|Win32.Build.0 = Release|Win32
		{B33A342D-43F0-4DE0-973B-C45B3E6803EC}.Debug|Win32.ActiveCfg = Debug|Win32
		{B33A342D-43F0-4DE0-973B-C45B3E6803EC}.Debug|Win32.Build.0 = Debug|Win32
		{B33A342D-43F0-4DE0-973B-C45B3E6803EC}.Release|Win32.ActiveCfg = Release|Win32
		{B33A342D-43F0-4DE0-973B-C45B3E6803EC}.Release|Win32.Build.0 = Release|Win32
		{86945419-B17E-4C64-BBD7-7797D5C671DB}.Debug|Win32.ActiveCfg = Debug|Win32
		{86945419-B17E-4C64-BBD7-7797D5C671DB}.Debug|Win32.Build.0 = Debug|Win32
		{86945419-B17E-4C64-BBD7-7797D5C671DB}.Release|Win32.ActiveCfg = Release|Win32
		{86945419-B17E-4C64-BBD7-7797D5C671DB}.Release|Win32.Build.0 = Release|Win32
	EndGlobalSection
	GlobalSection(SolutionProperties) = preSolution
		HideSolutionNode = FALSE
	EndGlobalSection
EndGlobal
